// !$*UTF8*$!
{
	archiveVersion = 1;
	classes = {
	};
	objectVersion = 50;
	objects = {

/* Begin PBXBuildFile section */
		175757112438F37200A0F7AC /* main.cpp in Sources */ = {isa = PBXBuildFile; fileRef = 175756F02438EEB300A0F7AC /* main.cpp */; };
/* End PBXBuildFile section */

/* Begin PBXCopyFilesBuildPhase section */
		175756EB2438EEB300A0F7AC /* CopyFiles */ = {
			isa = PBXCopyFilesBuildPhase;
			buildActionMask = 2147483647;
			dstPath = /usr/share/man/man1/;
			dstSubfolderSpec = 0;
			files = (
			);
			runOnlyForDeploymentPostprocessing = 1;
		};
/* End PBXCopyFilesBuildPhase section */

/* Begin PBXFileReference section */
		175756ED2438EEB300A0F7AC /* OSP2020 */ = {isa = PBXFileReference; explicitFileType = "compiled.mach-o.executable"; includeInIndex = 0; path = OSP2020; sourceTree = BUILT_PRODUCTS_DIR; };
		175756F02438EEB300A0F7AC /* main.cpp */ = {isa = PBXFileReference; lastKnownFileType = sourcecode.cpp.cpp; path = main.cpp; sourceTree = "<group>"; };
		175756F92438EF5200A0F7AC /* practice.hpp */ = {isa = PBXFileReference; fileEncoding = 4; lastKnownFileType = sourcecode.cpp.h; path = practice.hpp; sourceTree = "<group>"; };
		175756FA2438EF5200A0F7AC /* practice.cpp */ = {isa = PBXFileReference; fileEncoding = 4; lastKnownFileType = sourcecode.cpp.cpp; path = practice.cpp; sourceTree = "<group>"; };
		175756FD2438EF8900A0F7AC /* hist_func.h */ = {isa = PBXFileReference; fileEncoding = 4; lastKnownFileType = sourcecode.c.h; path = hist_func.h; sourceTree = "<group>"; };
		175756FE2438EF8900A0F7AC /* hist_matching_YUV.cpp */ = {isa = PBXFileReference; fileEncoding = 4; lastKnownFileType = sourcecode.cpp.cpp; path = hist_matching_YUV.cpp; sourceTree = "<group>"; };
		175756FF2438EF8900A0F7AC /* hist_matching.cpp */ = {isa = PBXFileReference; fileEncoding = 4; lastKnownFileType = sourcecode.cpp.cpp; path = hist_matching.cpp; sourceTree = "<group>"; };
		175757002438EF8900A0F7AC /* hist_eq_YUV.cpp */ = {isa = PBXFileReference; fileEncoding = 4; lastKnownFileType = sourcecode.cpp.cpp; path = hist_eq_YUV.cpp; sourceTree = "<group>"; };
		175757012438EF8900A0F7AC /* hist_eq_RGB.cpp */ = {isa = PBXFileReference; fileEncoding = 4; lastKnownFileType = sourcecode.cpp.cpp; path = hist_eq_RGB.cpp; sourceTree = "<group>"; };
		175757022438EF8900A0F7AC /* PDF_CDF.cpp */ = {isa = PBXFileReference; fileEncoding = 4; lastKnownFileType = sourcecode.cpp.cpp; path = PDF_CDF.cpp; sourceTree = "<group>"; };
		175757032438EF8900A0F7AC /* hist_eq.cpp */ = {isa = PBXFileReference; fileEncoding = 4; lastKnownFileType = sourcecode.cpp.cpp; path = hist_eq.cpp; sourceTree = "<group>"; };
		175757042438EF8900A0F7AC /* hist_stretching.cpp */ = {isa = PBXFileReference; fileEncoding = 4; lastKnownFileType = sourcecode.cpp.cpp; path = hist_stretching.cpp; sourceTree = "<group>"; };
		1757570C2438EFAA00A0F7AC /* rotate.cpp */ = {isa = PBXFileReference; fileEncoding = 4; lastKnownFileType = sourcecode.cpp.cpp; path = rotate.cpp; sourceTree = "<group>"; };
		1757570D2438EFAA00A0F7AC /* stitching.cpp */ = {isa = PBXFileReference; fileEncoding = 4; lastKnownFileType = sourcecode.cpp.cpp; path = stitching.cpp; sourceTree = "<group>"; };
		175757122438F44700A0F7AC /* input.jpg */ = {isa = PBXFileReference; lastKnownFileType = image.jpeg; path = input.jpg; sourceTree = "<group>"; };
		175757132438F4D400A0F7AC /* ref_color.jpg */ = {isa = PBXFileReference; lastKnownFileType = image.jpeg; path = ref_color.jpg; sourceTree = "<group>"; };
		175757142438F4D400A0F7AC /* ref_gray.jpg */ = {isa = PBXFileReference; lastKnownFileType = image.jpeg; path = ref_gray.jpg; sourceTree = "<group>"; };
		1785E35E243F03E300D8B82B /* laplacianGray.cpp */ = {isa = PBXFileReference; lastKnownFileType = sourcecode.cpp.cpp; path = laplacianGray.cpp; sourceTree = "<group>"; };
		1785E360243F041200D8B82B /* GaussianRGB.cpp */ = {isa = PBXFileReference; lastKnownFileType = sourcecode.cpp.cpp; path = GaussianRGB.cpp; sourceTree = "<group>"; };
		1785E362243F042500D8B82B /* SobelRGB.cpp */ = {isa = PBXFileReference; lastKnownFileType = sourcecode.cpp.cpp; path = SobelRGB.cpp; sourceTree = "<group>"; };
		1785E364243F046B00D8B82B /* laplacianRGB.cpp */ = {isa = PBXFileReference; lastKnownFileType = sourcecode.cpp.cpp; path = laplacianRGB.cpp; sourceTree = "<group>"; };
		1785E367243F051900D8B82B /* GaussianSepGray.cpp */ = {isa = PBXFileReference; lastKnownFileType = sourcecode.cpp.cpp; path = GaussianSepGray.cpp; sourceTree = "<group>"; };
		1785E369243F053300D8B82B /* GaussianSepRGB.cpp */ = {isa = PBXFileReference; lastKnownFileType = sourcecode.cpp.cpp; path = GaussianSepRGB.cpp; sourceTree = "<group>"; };
		1785E36B243F056400D8B82B /* UnsharpMaskingGray.cpp */ = {isa = PBXFileReference; lastKnownFileType = sourcecode.cpp.cpp; path = UnsharpMaskingGray.cpp; sourceTree = "<group>"; };
		1785E36D243F057800D8B82B /* UnsharpMaskingRGB.cpp */ = {isa = PBXFileReference; lastKnownFileType = sourcecode.cpp.cpp; path = UnsharpMaskingRGB.cpp; sourceTree = "<group>"; };
		179BA79B243E2EB2002542D1 /* GaussianGray.cpp */ = {isa = PBXFileReference; fileEncoding = 4; lastKnownFileType = sourcecode.cpp.cpp; path = GaussianGray.cpp; sourceTree = "<group>"; };
		179BA79D243E2EC3002542D1 /* lena.jpg */ = {isa = PBXFileReference; lastKnownFileType = image.jpeg; path = lena.jpg; sourceTree = "<group>"; };
		179BA79E243E2EC3002542D1 /* SobelGray.cpp */ = {isa = PBXFileReference; fileEncoding = 4; lastKnownFileType = sourcecode.cpp.cpp; path = SobelGray.cpp; sourceTree = "<group>"; };
		179BA79F243E2EC3002542D1 /* MeanFilterRGB.cpp */ = {isa = PBXFileReference; fileEncoding = 4; lastKnownFileType = sourcecode.cpp.cpp; path = MeanFilterRGB.cpp; sourceTree = "<group>"; };
		179BA7A0243E2EC3002542D1 /* MeanFilterGray.cpp */ = {isa = PBXFileReference; fileEncoding = 4; lastKnownFileType = sourcecode.cpp.cpp; path = MeanFilterGray.cpp; sourceTree = "<group>"; };
		17DA77D12442F9610030DB3A /* laplacianGaussianGray.cpp */ = {isa = PBXFileReference; lastKnownFileType = sourcecode.cpp.cpp; path = laplacianGaussianGray.cpp; sourceTree = "<group>"; };
		17DA77D22443011E0030DB3A /* laplacianGaussainRGB.cpp */ = {isa = PBXFileReference; lastKnownFileType = sourcecode.cpp.cpp; path = laplacianGaussainRGB.cpp; sourceTree = "<group>"; };
/* End PBXFileReference section */

/* Begin PBXFrameworksBuildPhase section */
		175756EA2438EEB300A0F7AC /* Frameworks */ = {
			isa = PBXFrameworksBuildPhase;
			buildActionMask = 2147483647;
			files = (
			);
			runOnlyForDeploymentPostprocessing = 0;
		};
/* End PBXFrameworksBuildPhase section */

/* Begin PBXGroup section */
		175756E42438EEB300A0F7AC = {
			isa = PBXGroup;
			children = (
				175756EF2438EEB300A0F7AC /* OSP2020 */,
				175756EE2438EEB300A0F7AC /* Products */,
			);
			sourceTree = "<group>";
		};
		175756EE2438EEB300A0F7AC /* Products */ = {
			isa = PBXGroup;
			children = (
				175756ED2438EEB300A0F7AC /* OSP2020 */,
			);
			name = Products;
			sourceTree = "<group>";
		};
		175756EF2438EEB300A0F7AC /* OSP2020 */ = {
			isa = PBXGroup;
			children = (
				179BA79A243E2E9B002542D1 /* lec04 */,
				175756FC2438EF7B00A0F7AC /* lec03 */,
				175756F82438EF3600A0F7AC /* lec01 */,
				175756F72438EEF300A0F7AC /* lec02 */,
				175756F02438EEB300A0F7AC /* main.cpp */,
			);
			path = OSP2020;
			sourceTree = "<group>";
		};
		175756F72438EEF300A0F7AC /* lec02 */ = {
			isa = PBXGroup;
			children = (
				1757570C2438EFAA00A0F7AC /* rotate.cpp */,
				1757570D2438EFAA00A0F7AC /* stitching.cpp */,
			);
			path = lec02;
			sourceTree = "<group>";
		};
		175756F82438EF3600A0F7AC /* lec01 */ = {
			isa = PBXGroup;
			children = (
				175756FA2438EF5200A0F7AC /* practice.cpp */,
				175756F92438EF5200A0F7AC /* practice.hpp */,
			);
			path = lec01;
			sourceTree = "<group>";
		};
		175756FC2438EF7B00A0F7AC /* lec03 */ = {
			isa = PBXGroup;
			children = (
				175757132438F4D400A0F7AC /* ref_color.jpg */,
				175757142438F4D400A0F7AC /* ref_gray.jpg */,
				175757122438F44700A0F7AC /* input.jpg */,
				175757012438EF8900A0F7AC /* hist_eq_RGB.cpp */,
				175757002438EF8900A0F7AC /* hist_eq_YUV.cpp */,
				175757032438EF8900A0F7AC /* hist_eq.cpp */,
				175756FD2438EF8900A0F7AC /* hist_func.h */,
				175756FE2438EF8900A0F7AC /* hist_matching_YUV.cpp */,
				175756FF2438EF8900A0F7AC /* hist_matching.cpp */,
				175757042438EF8900A0F7AC /* hist_stretching.cpp */,
				175757022438EF8900A0F7AC /* PDF_CDF.cpp */,
			);
			path = lec03;
			sourceTree = "<group>";
		};
		179BA79A243E2E9B002542D1 /* lec04 */ = {
			isa = PBXGroup;
			children = (
				179BA79D243E2EC3002542D1 /* lena.jpg */,
				179BA7A0243E2EC3002542D1 /* MeanFilterGray.cpp */,
				179BA79F243E2EC3002542D1 /* MeanFilterRGB.cpp */,
				179BA79B243E2EB2002542D1 /* GaussianGray.cpp */,
				1785E360243F041200D8B82B /* GaussianRGB.cpp */,
				179BA79E243E2EC3002542D1 /* SobelGray.cpp */,
				1785E362243F042500D8B82B /* SobelRGB.cpp */,
				1785E35E243F03E300D8B82B /* laplacianGray.cpp */,
				17DA77D12442F9610030DB3A /* laplacianGaussianGray.cpp */,
				1785E364243F046B00D8B82B /* laplacianRGB.cpp */,
				17DA77D22443011E0030DB3A /* laplacianGaussainRGB.cpp */,
				1785E367243F051900D8B82B /* GaussianSepGray.cpp */,
				1785E369243F053300D8B82B /* GaussianSepRGB.cpp */,
				1785E36B243F056400D8B82B /* UnsharpMaskingGray.cpp */,
				1785E36D243F057800D8B82B /* UnsharpMaskingRGB.cpp */,
			);
			path = lec04;
			sourceTree = "<group>";
		};
/* End PBXGroup section */

/* Begin PBXNativeTarget section */
		175756EC2438EEB300A0F7AC /* OSP2020 */ = {
			isa = PBXNativeTarget;
			buildConfigurationList = 175756F42438EEB300A0F7AC /* Build configuration list for PBXNativeTarget "OSP2020" */;
			buildPhases = (
				175756E92438EEB300A0F7AC /* Sources */,
				175756EA2438EEB300A0F7AC /* Frameworks */,
				175756EB2438EEB300A0F7AC /* CopyFiles */,
			);
			buildRules = (
			);
			dependencies = (
			);
			name = OSP2020;
			productName = OSP2020;
			productReference = 175756ED2438EEB300A0F7AC /* OSP2020 */;
			productType = "com.apple.product-type.tool";
		};
/* End PBXNativeTarget section */

/* Begin PBXProject section */
		175756E52438EEB300A0F7AC /* Project object */ = {
			isa = PBXProject;
			attributes = {
				LastUpgradeCheck = 1140;
				ORGANIZATIONNAME = Yewon;
				TargetAttributes = {
					175756EC2438EEB300A0F7AC = {
						CreatedOnToolsVersion = 11.4;
					};
				};
			};
			buildConfigurationList = 175756E82438EEB300A0F7AC /* Build configuration list for PBXProject "OSP2020" */;
			compatibilityVersion = "Xcode 9.3";
			developmentRegion = en;
			hasScannedForEncodings = 0;
			knownRegions = (
				en,
				Base,
			);
			mainGroup = 175756E42438EEB300A0F7AC;
			productRefGroup = 175756EE2438EEB300A0F7AC /* Products */;
			projectDirPath = "";
			projectRoot = "";
			targets = (
				175756EC2438EEB300A0F7AC /* OSP2020 */,
			);
		};
/* End PBXProject section */

/* Begin PBXSourcesBuildPhase section */
		175756E92438EEB300A0F7AC /* Sources */ = {
			isa = PBXSourcesBuildPhase;
			buildActionMask = 2147483647;
			files = (
				175757112438F37200A0F7AC /* main.cpp in Sources */,
			);
			runOnlyForDeploymentPostprocessing = 0;
		};
/* End PBXSourcesBuildPhase section */

/* Begin XCBuildConfiguration section */
		175756F22438EEB300A0F7AC /* Debug */ = {
			isa = XCBuildConfiguration;
			buildSettings = {
				ALWAYS_SEARCH_USER_PATHS = NO;
				CLANG_ANALYZER_NONNULL = YES;
				CLANG_ANALYZER_NUMBER_OBJECT_CONVERSION = YES_AGGRESSIVE;
				CLANG_CXX_LANGUAGE_STANDARD = "gnu++14";
				CLANG_CXX_LIBRARY = "libc++";
				CLANG_ENABLE_MODULES = YES;
				CLANG_ENABLE_OBJC_ARC = YES;
				CLANG_ENABLE_OBJC_WEAK = YES;
				CLANG_WARN_BLOCK_CAPTURE_AUTORELEASING = YES;
				CLANG_WARN_BOOL_CONVERSION = YES;
				CLANG_WARN_COMMA = YES;
				CLANG_WARN_CONSTANT_CONVERSION = YES;
				CLANG_WARN_DEPRECATED_OBJC_IMPLEMENTATIONS = YES;
				CLANG_WARN_DIRECT_OBJC_ISA_USAGE = YES_ERROR;
				CLANG_WARN_DOCUMENTATION_COMMENTS = YES;
				CLANG_WARN_EMPTY_BODY = YES;
				CLANG_WARN_ENUM_CONVERSION = YES;
				CLANG_WARN_INFINITE_RECURSION = YES;
				CLANG_WARN_INT_CONVERSION = YES;
				CLANG_WARN_NON_LITERAL_NULL_CONVERSION = YES;
				CLANG_WARN_OBJC_IMPLICIT_RETAIN_SELF = YES;
				CLANG_WARN_OBJC_LITERAL_CONVERSION = YES;
				CLANG_WARN_OBJC_ROOT_CLASS = YES_ERROR;
				CLANG_WARN_RANGE_LOOP_ANALYSIS = YES;
				CLANG_WARN_STRICT_PROTOTYPES = YES;
				CLANG_WARN_SUSPICIOUS_MOVE = YES;
				CLANG_WARN_UNGUARDED_AVAILABILITY = YES_AGGRESSIVE;
				CLANG_WARN_UNREACHABLE_CODE = YES;
				CLANG_WARN__DUPLICATE_METHOD_MATCH = YES;
				COPY_PHASE_STRIP = NO;
				DEBUG_INFORMATION_FORMAT = dwarf;
				ENABLE_STRICT_OBJC_MSGSEND = YES;
				ENABLE_TESTABILITY = YES;
				GCC_C_LANGUAGE_STANDARD = gnu11;
				GCC_DYNAMIC_NO_PIC = NO;
				GCC_NO_COMMON_BLOCKS = YES;
				GCC_OPTIMIZATION_LEVEL = 0;
				GCC_PREPROCESSOR_DEFINITIONS = (
					"DEBUG=1",
					"$(inherited)",
				);
				GCC_WARN_64_TO_32_BIT_CONVERSION = YES;
				GCC_WARN_ABOUT_RETURN_TYPE = YES_ERROR;
				GCC_WARN_UNDECLARED_SELECTOR = YES;
				GCC_WARN_UNINITIALIZED_AUTOS = YES_AGGRESSIVE;
				GCC_WARN_UNUSED_FUNCTION = YES;
				GCC_WARN_UNUSED_VARIABLE = YES;
				MACOSX_DEPLOYMENT_TARGET = 10.15;
				MTL_ENABLE_DEBUG_INFO = INCLUDE_SOURCE;
				MTL_FAST_MATH = YES;
				ONLY_ACTIVE_ARCH = YES;
				SDKROOT = macosx;
			};
			name = Debug;
		};
		175756F32438EEB300A0F7AC /* Release */ = {
			isa = XCBuildConfiguration;
			buildSettings = {
				ALWAYS_SEARCH_USER_PATHS = NO;
				CLANG_ANALYZER_NONNULL = YES;
				CLANG_ANALYZER_NUMBER_OBJECT_CONVERSION = YES_AGGRESSIVE;
				CLANG_CXX_LANGUAGE_STANDARD = "gnu++14";
				CLANG_CXX_LIBRARY = "libc++";
				CLANG_ENABLE_MODULES = YES;
				CLANG_ENABLE_OBJC_ARC = YES;
				CLANG_ENABLE_OBJC_WEAK = YES;
				CLANG_WARN_BLOCK_CAPTURE_AUTORELEASING = YES;
				CLANG_WARN_BOOL_CONVERSION = YES;
				CLANG_WARN_COMMA = YES;
				CLANG_WARN_CONSTANT_CONVERSION = YES;
				CLANG_WARN_DEPRECATED_OBJC_IMPLEMENTATIONS = YES;
				CLANG_WARN_DIRECT_OBJC_ISA_USAGE = YES_ERROR;
				CLANG_WARN_DOCUMENTATION_COMMENTS = YES;
				CLANG_WARN_EMPTY_BODY = YES;
				CLANG_WARN_ENUM_CONVERSION = YES;
				CLANG_WARN_INFINITE_RECURSION = YES;
				CLANG_WARN_INT_CONVERSION = YES;
				CLANG_WARN_NON_LITERAL_NULL_CONVERSION = YES;
				CLANG_WARN_OBJC_IMPLICIT_RETAIN_SELF = YES;
				CLANG_WARN_OBJC_LITERAL_CONVERSION = YES;
				CLANG_WARN_OBJC_ROOT_CLASS = YES_ERROR;
				CLANG_WARN_RANGE_LOOP_ANALYSIS = YES;
				CLANG_WARN_STRICT_PROTOTYPES = YES;
				CLANG_WARN_SUSPICIOUS_MOVE = YES;
				CLANG_WARN_UNGUARDED_AVAILABILITY = YES_AGGRESSIVE;
				CLANG_WARN_UNREACHABLE_CODE = YES;
				CLANG_WARN__DUPLICATE_METHOD_MATCH = YES;
				COPY_PHASE_STRIP = NO;
				DEBUG_INFORMATION_FORMAT = "dwarf-with-dsym";
				ENABLE_NS_ASSERTIONS = NO;
				ENABLE_STRICT_OBJC_MSGSEND = YES;
				GCC_C_LANGUAGE_STANDARD = gnu11;
				GCC_NO_COMMON_BLOCKS = YES;
				GCC_WARN_64_TO_32_BIT_CONVERSION = YES;
				GCC_WARN_ABOUT_RETURN_TYPE = YES_ERROR;
				GCC_WARN_UNDECLARED_SELECTOR = YES;
				GCC_WARN_UNINITIALIZED_AUTOS = YES_AGGRESSIVE;
				GCC_WARN_UNUSED_FUNCTION = YES;
				GCC_WARN_UNUSED_VARIABLE = YES;
				MACOSX_DEPLOYMENT_TARGET = 10.15;
				MTL_ENABLE_DEBUG_INFO = NO;
				MTL_FAST_MATH = YES;
				SDKROOT = macosx;
			};
			name = Release;
		};
		175756F52438EEB300A0F7AC /* Debug */ = {
			isa = XCBuildConfiguration;
			buildSettings = {
				CODE_SIGN_STYLE = Automatic;
				HEADER_SEARCH_PATHS = (
					/usr/local/include,
					"/usr/local/Cellar/opencv@2/2.4.13.7_7/include/opencv2",
					"/usr/local/Cellar/opencv@2/2.4.13.7_7/include/opencv",
					"/usr/local/Cellar/opencv@2/2.4.13.7_7/include",
				);
				OTHER_LDFLAGS = (
					"-I/usr/local/Cellar/opencv@2/2.4.13.7_7/include",
					"-I/usr/local/Cellar/opencv@2/2.4.13.7_7/include/opencv",
					"-lopencv_videostab",
					"-L/usr/local/Cellar/opencv@2/2.4.13.7_7/lib",
					"-lopencv_video",
					"-lopencv_ts",
					"-lopencv_superres",
					"-lopencv_stitching",
					"-lopencv_photo",
					"-lopencv_ocl",
					"-lopencv_objdetect",
					"-lopencv_nonfree",
					"-lopencv_ml",
					"-lopencv_legacy",
					"-lopencv_imgproc",
					"-lopencv_highgui",
					"-lopencv_gpu",
					"-lopencv_flann",
					"-lopencv_features2d",
					"-lopencv_core",
					"-lopencv_contrib",
					"-lopencv_calib3d",
				);
				PRODUCT_NAME = "$(TARGET_NAME)";
			};
			name = Debug;
		};
		175756F62438EEB300A0F7AC /* Release */ = {
			isa = XCBuildConfiguration;
			buildSettings = {
				CODE_SIGN_STYLE = Automatic;
				HEADER_SEARCH_PATHS = (
					/usr/local/include,
					"/usr/local/Cellar/opencv@2/2.4.13.7_7/include/opencv2",
					"/usr/local/Cellar/opencv@2/2.4.13.7_7/include/opencv",
					"/usr/local/Cellar/opencv@2/2.4.13.7_7/include",
				);
				OTHER_LDFLAGS = (
					"-I/usr/local/Cellar/opencv@2/2.4.13.7_7/include",
					"-I/usr/local/Cellar/opencv@2/2.4.13.7_7/include/opencv",
					"-lopencv_videostab",
					"-L/usr/local/Cellar/opencv@2/2.4.13.7_7/lib",
					"-lopencv_video",
					"-lopencv_ts",
					"-lopencv_superres",
					"-lopencv_stitching",
					"-lopencv_photo",
					"-lopencv_ocl",
					"-lopencv_objdetect",
					"-lopencv_nonfree",
					"-lopencv_ml",
					"-lopencv_legacy",
					"-lopencv_imgproc",
					"-lopencv_highgui",
					"-lopencv_gpu",
					"-lopencv_flann",
					"-lopencv_features2d",
					"-lopencv_core",
					"-lopencv_contrib",
					"-lopencv_calib3d",
				);
				PRODUCT_NAME = "$(TARGET_NAME)";
			};
			name = Release;
		};
/* End XCBuildConfiguration section */

/* Begin XCConfigurationList section */
		175756E82438EEB300A0F7AC /* Build configuration list for PBXProject "OSP2020" */ = {
			isa = XCConfigurationList;
			buildConfigurations = (
				175756F22438EEB300A0F7AC /* Debug */,
				175756F32438EEB300A0F7AC /* Release */,
			);
			defaultConfigurationIsVisible = 0;
			defaultConfigurationName = Release;
		};
		175756F42438EEB300A0F7AC /* Build configuration list for PBXNativeTarget "OSP2020" */ = {
			isa = XCConfigurationList;
			buildConfigurations = (
				175756F52438EEB300A0F7AC /* Debug */,
				175756F62438EEB300A0F7AC /* Release */,
			);
			defaultConfigurationIsVisible = 0;
			defaultConfigurationName = Release;
		};
/* End XCConfigurationList section */
	};
	rootObject = 175756E52438EEB300A0F7AC /* Project object */;
}
